
Microsoft Visual Studio Solution File, Format Version 12.00
# Visual Studio Version 17
VisualStudioVersion = 17.14.36623.8 d17.14
MinimumVisualStudioVersion = 10.0.40219.1
Project("{8BC9CEB8-8B4A-11D0-8D11-00A0C91BC942}") = "NT-AH", "NT-AH\NT-AH.vcxproj", "{73BF2B5B-EF5E-4B8D-87F1-445A7733901D}"
EndProject
Global
	GlobalSection(SolutionConfigurationPlatforms) = preSolution
		Debug|x64 = Debug|x64
		Debug|x86 = Debug|x86
		Release|x64 = Release|x64
		Release|x86 = Release|x86
	EndGlobalSection
	GlobalSection(ProjectConfigurationPlatforms) = postSolution
		{73BF2B5B-EF5E-4B8D-87F1-445A7733901D}.Debug|x64.ActiveCfg = Debug|x64
		{73BF2B5B-EF5E-4B8D-87F1-445A7733901D}.Debug|x64.Build.0 = Debug|x64
		{73BF2B5B-EF5E-4B8D-87F1-445A7733901D}.Debug|x86.ActiveCfg = Debug|Win32
		{73BF2B5B-EF5E-4B8D-87F1-445A7733901D}.Debug|x86.Build.0 = Debug|Win32
		{73BF2B5B-EF5E-4B8D-87F1-445A7733901D}.Release|x64.ActiveCfg = Release|x64
		{73BF2B5B-EF5E-4B8D-87F1-445A7733901D}.Release|x64.Build.0 = Release|x64
		{73BF2B5B-EF5E-4B8D-87F1-445A7733901D}.Release|x86.ActiveCfg = Release|Win32
		{73BF2B5B-EF5E-4B8D-87F1-445A7733901D}.Release|x86.Build.0 = Release|Win32
	EndGlobalSection
	GlobalSection(SolutionProperties) = preSolution
		HideSolutionNode = FALSE
	EndGlobalSection
	GlobalSection(ExtensibilityGlobals) = postSolution
		SolutionGuid = {12C825B4-5F92-4196-A2D3-DFCC5FD75765}
	EndGlobalSection
EndGlobal
